Microsoft Visual Studio Solution File, Format Version 12.00
# Visual Studio Version 17
VisualStudioVersion = 17.5.2.0
MinimumVisualStudioVersion = 10.0.40219.1
Project("{FAE04EC0-301F-11D3-BF4B-00C04F79EFBC}") = "netapi-template", "netapi-template.csproj", "{F5BB9599-C9BF-D06A-1ED0-0C02FB6FEE79}"
EndProject
Global
	GlobalSection(SolutionConfigurationPlatforms) = preSolution
		Debug|Any CPU = Debug|Any CPU
		Release|Any CPU = Release|Any CPU
	EndGlobalSection
	GlobalSection(ProjectConfigurationPlatforms) = postSolution
		{F5BB9599-C9BF-D06A-1ED0-0C02FB6FEE79}.Debug|Any CPU.ActiveCfg = Debug|Any CPU
		{F5BB9599-C9BF-D06A-1ED0-0C02FB6FEE79}.Debug|Any CPU.Build.0 = Debug|Any CPU
		{F5BB9599-C9BF-D06A-1ED0-0C02FB6FEE79}.Release|Any CPU.ActiveCfg = Release|Any CPU
		{F5BB9599-C9BF-D06A-1ED0-0C02FB6FEE79}.Release|Any CPU.Build.0 = Release|Any CPU
	EndGlobalSection
	GlobalSection(SolutionProperties) = preSolution
		HideSolutionNode = FALSE
	EndGlobalSection
	GlobalSection(ExtensibilityGlobals) = postSolution
		SolutionGuid = {F4B58AFA-88A0-4682-ACE5-8E2EB968F2E5}
	EndGlobalSection
EndGlobal
